
Microsoft Visual Studio Solution File, Format Version 12.00
# Visual Studio Version 17
VisualStudioVersion = 17.2.32630.192
MinimumVisualStudioVersion = 10.0.40219.1
Project("{F184B08F-C81C-45F6-A57F-5ABD9991F28F}") = "QFGImporter", "QFGImporter\QFGImporter.vbproj", "{E695091F-CBC7-414D-A055-7535CE5E6F38}"
EndProject
Global
	GlobalSection(SolutionConfigurationPlatforms) = preSolution
		Debug|Any CPU = Debug|Any CPU
		Release|Any CPU = Release|Any CPU
	EndGlobalSection
	GlobalSection(ProjectConfigurationPlatforms) = postSolution
		{E695091F-CBC7-414D-A055-7535CE5E6F38}.Debug|Any CPU.ActiveCfg = Debug|Any CPU
		{E695091F-CBC7-414D-A055-7535CE5E6F38}.Debug|Any CPU.Build.0 = Debug|Any CPU
		{E695091F-CBC7-414D-A055-7535CE5E6F38}.Release|Any CPU.ActiveCfg = Release|Any CPU
		{E695091F-CBC7-414D-A055-7535CE5E6F38}.Release|Any CPU.Build.0 = Release|Any CPU
	EndGlobalSection
	GlobalSection(SolutionProperties) = preSolution
		HideSolutionNode = FALSE
	EndGlobalSection
	GlobalSection(ExtensibilityGlobals) = postSolution
		SolutionGuid = {C43456D4-AD15-476D-8D9F-0C578877C942}
	EndGlobalSection
EndGlobal
